
Microsoft Visual Studio Solution File, Format Version 12.00
# Visual Studio 15
VisualStudioVersion = 15.0.28307.902
MinimumVisualStudioVersion = 10.0.40219.1
Project("{8BC9CEB8-8B4A-11D0-8D11-00A0C91BC942}") = "practice07", "practice07\practice07.vcxproj", "{53E7198A-5CB8-4B40-88D1-BE22553ED587}"
EndProject
Global
	GlobalSection(SolutionConfigurationPlatforms) = preSolution
		Debug|x64 = Debug|x64
		Debug|x86 = Debug|x86
		Release|x64 = Release|x64
		Release|x86 = Release|x86
	EndGlobalSection
	GlobalSection(ProjectConfigurationPlatforms) = postSolution
		{53E7198A-5CB8-4B40-88D1-BE22553ED587}.Debug|x64.ActiveCfg = Debug|x64
		{53E7198A-5CB8-4B40-88D1-BE22553ED587}.Debug|x64.Build.0 = Debug|x64
		{53E7198A-5CB8-4B40-88D1-BE22553ED587}.Debug|x86.ActiveCfg = Debug|Win32
		{53E7198A-5CB8-4B40-88D1-BE22553ED587}.Debug|x86.Build.0 = Debug|Win32
		{53E7198A-5CB8-4B40-88D1-BE22553ED587}.Release|x64.ActiveCfg = Release|x64
		{53E7198A-5CB8-4B40-88D1-BE22553ED587}.Release|x64.Build.0 = Release|x64
		{53E7198A-5CB8-4B40-88D1-BE22553ED587}.Release|x86.ActiveCfg = Release|Win32
		{53E7198A-5CB8-4B40-88D1-BE22553ED587}.Release|x86.Build.0 = Release|Win32
	EndGlobalSection
	GlobalSection(SolutionProperties) = preSolution
		HideSolutionNode = FALSE
	EndGlobalSection
	GlobalSection(ExtensibilityGlobals) = postSolution
		SolutionGuid = {E57EB766-98A1-4818-B53D-6D3F010C89C7}
	EndGlobalSection
EndGlobal
